
Microsoft Visual Studio Solution File, Format Version 12.00
# Visual Studio Version 17
VisualStudioVersion = 17.14.36623.8 d17.14
MinimumVisualStudioVersion = 10.0.40219.1
Project("{FAE04EC0-301F-11D3-BF4B-00C04F79EFBC}") = "vynce_api", "vynce_api.csproj", "{77A87816-0DB3-446C-914E-CE8A3C05879F}"
EndProject
Global
	GlobalSection(SolutionConfigurationPlatforms) = preSolution
		Debug|Any CPU = Debug|Any CPU
		Release|Any CPU = Release|Any CPU
	EndGlobalSection
	GlobalSection(ProjectConfigurationPlatforms) = postSolution
		{77A87816-0DB3-446C-914E-CE8A3C05879F}.Debug|Any CPU.ActiveCfg = Debug|Any CPU
		{77A87816-0DB3-446C-914E-CE8A3C05879F}.Debug|Any CPU.Build.0 = Debug|Any CPU
		{77A87816-0DB3-446C-914E-CE8A3C05879F}.Release|Any CPU.ActiveCfg = Release|Any CPU
		{77A87816-0DB3-446C-914E-CE8A3C05879F}.Release|Any CPU.Build.0 = Release|Any CPU
	EndGlobalSection
	GlobalSection(SolutionProperties) = preSolution
		HideSolutionNode = FALSE
	EndGlobalSection
	GlobalSection(ExtensibilityGlobals) = postSolution
		SolutionGuid = {867883E4-21EB-4550-805D-D9C42B4847DE}
	EndGlobalSection
EndGlobal
